
Microsoft Visual Studio Solution File, Format Version 12.00
# Visual Studio Version 16
VisualStudioVersion = 16.0.31105.61
MinimumVisualStudioVersion = 10.0.40219.1
Project("{9A19103F-16F7-4668-BE54-9A1E7A4F7556}") = "Shop.Model", "Shop.Model\Shop.Model.csproj", "{7F01FC9C-4261-49D6-B630-510C1A805AC4}"
EndProject
Project("{9A19103F-16F7-4668-BE54-9A1E7A4F7556}") = "Shop.IDal", "Shop.IDal\Shop.IDal.csproj", "{2E0F0956-6365-470E-9448-F2CA888014A8}"
EndProject
Project("{9A19103F-16F7-4668-BE54-9A1E7A4F7556}") = "Shop.Dal", "Shop.Dal\Shop.Dal.csproj", "{475FD11E-5CAF-4E0F-825D-782C98019C83}"
EndProject
Project("{9A19103F-16F7-4668-BE54-9A1E7A4F7556}") = "Shop.DalFactory", "Shop.DalFactory\Shop.DalFactory.csproj", "{65B7AFCE-2499-4C6D-AE8D-18598CB63E77}"
EndProject
Project("{9A19103F-16F7-4668-BE54-9A1E7A4F7556}") = "Shop.Bll", "Shop.Bll\Shop.Bll.csproj", "{8998AF72-CCB4-4BC1-B4C7-46515FD74C68}"
EndProject
Project("{9A19103F-16F7-4668-BE54-9A1E7A4F7556}") = "Shop.IBll", "Shop.IBll\Shop.IBll.csproj", "{779D60B6-8D41-4827-B8F8-2F558814D9CE}"
EndProject
Project("{9A19103F-16F7-4668-BE54-9A1E7A4F7556}") = "Shop.PC", "App\Shop.PC\Shop.PC.csproj", "{4003DC2D-BA62-4C0E-842B-BD5AC867124D}"
EndProject
Project("{2150E333-8FDC-42A3-9474-1A3956D46DE8}") = "App", "App", "{59854DA4-E38B-40F9-BE41-3BA7213E7943}"
EndProject
Project("{9A19103F-16F7-4668-BE54-9A1E7A4F7556}") = "MenuModule", "App\MenuModule\MenuModule.csproj", "{9F3DA467-264A-46FD-84F7-0EEE698686E8}"
EndProject
Project("{9A19103F-16F7-4668-BE54-9A1E7A4F7556}") = "HeaderModule", "App\HeaderModule\HeaderModule.csproj", "{454134C8-D159-4865-A500-01FEEFF2D86F}"
EndProject
Project("{FAE04EC0-301F-11D3-BF4B-00C04F79EFBC}") = "ContentModule", "App\ContentModule\ContentModule.csproj", "{CBC5B45C-D994-4576-B56D-E3812E69AAE5}"
EndProject
Project("{FAE04EC0-301F-11D3-BF4B-00C04F79EFBC}") = "FooterModule", "App\FooterModule\FooterModule.csproj", "{B5F8BDB4-7D3F-4C9A-BD50-652BD0A8083A}"
EndProject
Project("{FAE04EC0-301F-11D3-BF4B-00C04F79EFBC}") = "Shop.Infrastucture", "App\Shop.Infrastucture\Shop.Infrastucture.csproj", "{5F55C080-3070-467C-8FF0-14B3EF1726F4}"
EndProject
Global
	GlobalSection(SolutionConfigurationPlatforms) = preSolution
		Debug|Any CPU = Debug|Any CPU
		Release|Any CPU = Release|Any CPU
	EndGlobalSection
	GlobalSection(ProjectConfigurationPlatforms) = postSolution
		{7F01FC9C-4261-49D6-B630-510C1A805AC4}.Debug|Any CPU.ActiveCfg = Debug|Any CPU
		{7F01FC9C-4261-49D6-B630-510C1A805AC4}.Debug|Any CPU.Build.0 = Debug|Any CPU
		{7F01FC9C-4261-49D6-B630-510C1A805AC4}.Release|Any CPU.ActiveCfg = Release|Any CPU
		{7F01FC9C-4261-49D6-B630-510C1A805AC4}.Release|Any CPU.Build.0 = Release|Any CPU
		{2E0F0956-6365-470E-9448-F2CA888014A8}.Debug|Any CPU.ActiveCfg = Debug|Any CPU
		{2E0F0956-6365-470E-9448-F2CA888014A8}.Debug|Any CPU.Build.0 = Debug|Any CPU
		{2E0F0956-6365-470E-9448-F2CA888014A8}.Release|Any CPU.ActiveCfg = Release|Any CPU
		{2E0F0956-6365-470E-9448-F2CA888014A8}.Release|Any CPU.Build.0 = Release|Any CPU
		{475FD11E-5CAF-4E0F-825D-782C98019C83}.Debug|Any CPU.ActiveCfg = Debug|Any CPU
		{475FD11E-5CAF-4E0F-825D-782C98019C83}.Debug|Any CPU.Build.0 = Debug|Any CPU
		{475FD11E-5CAF-4E0F-825D-782C98019C83}.Release|Any CPU.ActiveCfg = Release|Any CPU
		{475FD11E-5CAF-4E0F-825D-782C98019C83}.Release|Any CPU.Build.0 = Release|Any CPU
		{65B7AFCE-2499-4C6D-AE8D-18598CB63E77}.Debug|Any CPU.ActiveCfg = Debug|Any CPU
		{65B7AFCE-2499-4C6D-AE8D-18598CB63E77}.Debug|Any CPU.Build.0 = Debug|Any CPU
		{65B7AFCE-2499-4C6D-AE8D-18598CB63E77}.Release|Any CPU.ActiveCfg = Release|Any CPU
		{65B7AFCE-2499-4C6D-AE8D-18598CB63E77}.Release|Any CPU.Build.0 = Release|Any CPU
		{8998AF72-CCB4-4BC1-B4C7-46515FD74C68}.Debug|Any CPU.ActiveCfg = Debug|Any CPU
		{8998AF72-CCB4-4BC1-B4C7-46515FD74C68}.Debug|Any CPU.Build.0 = Debug|Any CPU
		{8998AF72-CCB4-4BC1-B4C7-46515FD74C68}.Release|Any CPU.ActiveCfg = Release|Any CPU
		{8998AF72-CCB4-4BC1-B4C7-46515FD74C68}.Release|Any CPU.Build.0 = Release|Any CPU
		{779D60B6-8D41-4827-B8F8-2F558814D9CE}.Debug|Any CPU.ActiveCfg = Debug|Any CPU
		{779D60B6-8D41-4827-B8F8-2F558814D9CE}.Debug|Any CPU.Build.0 = Debug|Any CPU
		{779D60B6-8D41-4827-B8F8-2F558814D9CE}.Release|Any CPU.ActiveCfg = Release|Any CPU
		{779D60B6-8D41-4827-B8F8-2F558814D9CE}.Release|Any CPU.Build.0 = Release|Any CPU
		{4003DC2D-BA62-4C0E-842B-BD5AC867124D}.Debug|Any CPU.ActiveCfg = Debug|Any CPU
		{4003DC2D-BA62-4C0E-842B-BD5AC867124D}.Debug|Any CPU.Build.0 = Debug|Any CPU
		{4003DC2D-BA62-4C0E-842B-BD5AC867124D}.Release|Any CPU.ActiveCfg = Release|Any CPU
		{4003DC2D-BA62-4C0E-842B-BD5AC867124D}.Release|Any CPU.Build.0 = Release|Any CPU
		{9F3DA467-264A-46FD-84F7-0EEE698686E8}.Debug|Any CPU.ActiveCfg = Debug|Any CPU
		{9F3DA467-264A-46FD-84F7-0EEE698686E8}.Debug|Any CPU.Build.0 = Debug|Any CPU
		{9F3DA467-264A-46FD-84F7-0EEE698686E8}.Release|Any CPU.ActiveCfg = Release|Any CPU
		{9F3DA467-264A-46FD-84F7-0EEE698686E8}.Release|Any CPU.Build.0 = Release|Any CPU
		{454134C8-D159-4865-A500-01FEEFF2D86F}.Debug|Any CPU.ActiveCfg = Debug|Any CPU
		{454134C8-D159-4865-A500-01FEEFF2D86F}.Debug|Any CPU.Build.0 = Debug|Any CPU
		{454134C8-D159-4865-A500-01FEEFF2D86F}.Release|Any CPU.ActiveCfg = Release|Any CPU
		{454134C8-D159-4865-A500-01FEEFF2D86F}.Release|Any CPU.Build.0 = Release|Any CPU
		{CBC5B45C-D994-4576-B56D-E3812E69AAE5}.Debug|Any CPU.ActiveCfg = Debug|Any CPU
		{CBC5B45C-D994-4576-B56D-E3812E69AAE5}.Debug|Any CPU.Build.0 = Debug|Any CPU
		{CBC5B45C-D994-4576-B56D-E3812E69AAE5}.Release|Any CPU.ActiveCfg = Release|Any CPU
		{CBC5B45C-D994-4576-B56D-E3812E69AAE5}.Release|Any CPU.Build.0 = Release|Any CPU
		{B5F8BDB4-7D3F-4C9A-BD50-652BD0A8083A}.Debug|Any CPU.ActiveCfg = Debug|Any CPU
		{B5F8BDB4-7D3F-4C9A-BD50-652BD0A8083A}.Debug|Any CPU.Build.0 = Debug|Any CPU
		{B5F8BDB4-7D3F-4C9A-BD50-652BD0A8083A}.Release|Any CPU.ActiveCfg = Release|Any CPU
		{B5F8BDB4-7D3F-4C9A-BD50-652BD0A8083A}.Release|Any CPU.Build.0 = Release|Any CPU
		{5F55C080-3070-467C-8FF0-14B3EF1726F4}.Debug|Any CPU.ActiveCfg = Debug|Any CPU
		{5F55C080-3070-467C-8FF0-14B3EF1726F4}.Debug|Any CPU.Build.0 = Debug|Any CPU
		{5F55C080-3070-467C-8FF0-14B3EF1726F4}.Release|Any CPU.ActiveCfg = Release|Any CPU
		{5F55C080-3070-467C-8FF0-14B3EF1726F4}.Release|Any CPU.Build.0 = Release|Any CPU
	EndGlobalSection
	GlobalSection(SolutionProperties) = preSolution
		HideSolutionNode = FALSE
	EndGlobalSection
	GlobalSection(NestedProjects) = preSolution
		{4003DC2D-BA62-4C0E-842B-BD5AC867124D} = {59854DA4-E38B-40F9-BE41-3BA7213E7943}
		{9F3DA467-264A-46FD-84F7-0EEE698686E8} = {59854DA4-E38B-40F9-BE41-3BA7213E7943}
		{454134C8-D159-4865-A500-01FEEFF2D86F} = {59854DA4-E38B-40F9-BE41-3BA7213E7943}
		{CBC5B45C-D994-4576-B56D-E3812E69AAE5} = {59854DA4-E38B-40F9-BE41-3BA7213E7943}
		{B5F8BDB4-7D3F-4C9A-BD50-652BD0A8083A} = {59854DA4-E38B-40F9-BE41-3BA7213E7943}
		{5F55C080-3070-467C-8FF0-14B3EF1726F4} = {59854DA4-E38B-40F9-BE41-3BA7213E7943}
	EndGlobalSection
	GlobalSection(ExtensibilityGlobals) = postSolution
		SolutionGuid = {35DC3E81-63BA-4219-99A7-AE2CA1E91C7B}
	EndGlobalSection
EndGlobal
